{
  "originHash" : "b944ffae214a8f803fd52c25eba2cb39f6babaecee1404d1fc9db0de029abcd9",
  "pins" : [
    {
      "identity" : "swift-log",
      "kind" : "remoteSourceControl",
      "location" : "https://github.com/apple/swift-log",
      "state" : {
        "revision" : "5073617dac96330a486245e4c0179cb0a6fd2256",
        "version" : "1.12.0"
      }
    },
    {
      "identity" : "swiftformat-mirror",
      "kind" : "remoteSourceControl",
      "location" : "https://codeberg.org/Cyberbeni/SwiftFormat-mirror",
      "state" : {
        "revision" : "c6a7e248492157daba97d3460e909d40a5a0ca31",
        "version" : "0.60.1"
      }
    }
  ],
  "version" : 3
}
