{
  "originHash" : "114c71f49551381284fd6122aea9672fc3e296c08bbc29599bc9830b3de4b9cb",
  "pins" : [
    {
      "identity" : "swift-log",
      "kind" : "remoteSourceControl",
      "location" : "https://github.com/apple/swift-log",
      "state" : {
        "revision" : "2778fd4e5a12a8aaa30a3ee8285f4ce54c5f3181",
        "version" : "1.9.1"
      }
    },
    {
      "identity" : "swiftformat-mirror",
      "kind" : "remoteSourceControl",
      "location" : "https://codeberg.org/Cyberbeni/SwiftFormat-mirror",
      "state" : {
        "revision" : "af6d5e684e6b003ea8b1ce433914eb8435fc42bf",
        "version" : "0.59.1"
      }
    }
  ],
  "version" : 3
}
